
Microsoft Visual Studio Solution File, Format Version 12.00
# Visual Studio 15
VisualStudioVersion = 15.0.27130.2036
MinimumVisualStudioVersion = 10.0.40219.1
Project("{FAE04EC0-301F-11D3-BF4B-00C04F79EFBC}") = "Addressbook-web-tests", "Addressbook-web-tests\Addressbook-web-tests.csproj", "{5A6051E5-B682-4E0F-8E95-EEE277FAF01F}"
EndProject
Project("{FAE04EC0-301F-11D3-BF4B-00C04F79EFBC}") = "addressbookTestDataGenerators", "addressbookTestDataGenerators\addressbookTestDataGenerators.csproj", "{365F2202-C31A-4077-8F26-708AF3096047}"
	ProjectSection(ProjectDependencies) = postProject
		{5A6051E5-B682-4E0F-8E95-EEE277FAF01F} = {5A6051E5-B682-4E0F-8E95-EEE277FAF01F}
	EndProjectSection
EndProject
Global
	GlobalSection(SolutionConfigurationPlatforms) = preSolution
		Debug|Any CPU = Debug|Any CPU
		Release|Any CPU = Release|Any CPU
	EndGlobalSection
	GlobalSection(ProjectConfigurationPlatforms) = postSolution
		{5A6051E5-B682-4E0F-8E95-EEE277FAF01F}.Debug|Any CPU.ActiveCfg = Debug|Any CPU
		{5A6051E5-B682-4E0F-8E95-EEE277FAF01F}.Debug|Any CPU.Build.0 = Debug|Any CPU
		{5A6051E5-B682-4E0F-8E95-EEE277FAF01F}.Release|Any CPU.ActiveCfg = Release|Any CPU
		{5A6051E5-B682-4E0F-8E95-EEE277FAF01F}.Release|Any CPU.Build.0 = Release|Any CPU
		{365F2202-C31A-4077-8F26-708AF3096047}.Debug|Any CPU.ActiveCfg = Debug|Any CPU
		{365F2202-C31A-4077-8F26-708AF3096047}.Debug|Any CPU.Build.0 = Debug|Any CPU
		{365F2202-C31A-4077-8F26-708AF3096047}.Release|Any CPU.ActiveCfg = Release|Any CPU
		{365F2202-C31A-4077-8F26-708AF3096047}.Release|Any CPU.Build.0 = Release|Any CPU
	EndGlobalSection
	GlobalSection(SolutionProperties) = preSolution
		HideSolutionNode = FALSE
	EndGlobalSection
	GlobalSection(ExtensibilityGlobals) = postSolution
		SolutionGuid = {3FBB6D1A-5C70-4EE9-8044-58C5FBC25C9F}
	EndGlobalSection
EndGlobal
